
Microsoft Visual Studio Solution File, Format Version 12.00
# Visual Studio Version 16
VisualStudioVersion = 16.0.31205.134
MinimumVisualStudioVersion = 10.0.40219.1
Project("{FAE04EC0-301F-11D3-BF4B-00C04F79EFBC}") = "Rocchi_client_123_stella", "Rocchi_client_123_stella\Rocchi_client_123_stella.csproj", "{D1024A2B-2577-4D3E-9AC6-A41F9D00CB84}"
EndProject
Global
	GlobalSection(SolutionConfigurationPlatforms) = preSolution
		Debug|Any CPU = Debug|Any CPU
		Release|Any CPU = Release|Any CPU
	EndGlobalSection
	GlobalSection(ProjectConfigurationPlatforms) = postSolution
		{D1024A2B-2577-4D3E-9AC6-A41F9D00CB84}.Debug|Any CPU.ActiveCfg = Debug|Any CPU
		{D1024A2B-2577-4D3E-9AC6-A41F9D00CB84}.Debug|Any CPU.Build.0 = Debug|Any CPU
		{D1024A2B-2577-4D3E-9AC6-A41F9D00CB84}.Release|Any CPU.ActiveCfg = Release|Any CPU
		{D1024A2B-2577-4D3E-9AC6-A41F9D00CB84}.Release|Any CPU.Build.0 = Release|Any CPU
	EndGlobalSection
	GlobalSection(SolutionProperties) = preSolution
		HideSolutionNode = FALSE
	EndGlobalSection
	GlobalSection(ExtensibilityGlobals) = postSolution
		SolutionGuid = {88018246-163E-4BD1-A433-D50646DC71CD}
	EndGlobalSection
EndGlobal
